// !$*UTF8*$!
{
	archiveVersion = 1;
	classes = {
	};
	objectVersion = 46;
	objects = {

/* Begin PBXBuildFile section */
		8A5FFC711DEAA5CA000410F5 /* main.m in Sources */ = {isa = PBXBuildFile; fileRef = 8A5FFC701DEAA5CA000410F5 /* main.m */; };
		8A5FFC741DEAA5CA000410F5 /* AppDelegate.m in Sources */ = {isa = PBXBuildFile; fileRef = 8A5FFC731DEAA5CA000410F5 /* AppDelegate.m */; };
		8A5FFC771DEAA5CA000410F5 /* MasterViewController.m in Sources */ = {isa = PBXBuildFile; fileRef = 8A5FFC761DEAA5CA000410F5 /* MasterViewController.m */; };
		8A5FFC7A1DEAA5CA000410F5 /* DetailViewController.m in Sources */ = {isa = PBXBuildFile; fileRef = 8A5FFC791DEAA5CA000410F5 /* DetailViewController.m */; };
		8A5FFC7F1DEAA5CA000410F5 /* Assets.xcassets in Resources */ = {isa = PBXBuildFile; fileRef = 8A5FFC7E1DEAA5CA000410F5 /* Assets.xcassets */; };
		8A5FFC8D1DEAA5CA000410F5 /* CatalogTests.m in Sources */ = {isa = PBXBuildFile; fileRef = 8A5FFC8C1DEAA5CA000410F5 /* CatalogTests.m */; };
		8A5FFC981DEAA5CA000410F5 /* CatalogUITests.m in Sources */ = {isa = PBXBuildFile; fileRef = 8A5FFC971DEAA5CA000410F5 /* CatalogUITests.m */; };
		8A5FFCA71DEAA970000410F5 /* Product.m in Sources */ = {isa = PBXBuildFile; fileRef = 8A5FFCA61DEAA970000410F5 /* Product.m */; };
		8A5FFCAC1DEAAFA1000410F5 /* DBAcess.m in Sources */ = {isa = PBXBuildFile; fileRef = 8A5FFCAB1DEAAFA1000410F5 /* DBAcess.m */; };
		8A5FFCAF1DEABCFB000410F5 /* libsqlite3.0.tbd in Frameworks */ = {isa = PBXBuildFile; fileRef = 8A5FFCAE1DEABCFB000410F5 /* libsqlite3.0.tbd */; };
		8A5FFCB11DEABD12000410F5 /* libsqlite3.tbd in Frameworks */ = {isa = PBXBuildFile; fileRef = 8A5FFCB01DEABD12000410F5 /* libsqlite3.tbd */; };
		8A5FFCB71DEBD874000410F5 /* DetailViewController.xib in Resources */ = {isa = PBXBuildFile; fileRef = 8A5FFCB61DEBD874000410F5 /* DetailViewController.xib */; };
		8A5FFCB91DEBDA58000410F5 /* MasterViewController.xib in Resources */ = {isa = PBXBuildFile; fileRef = 8A5FFCB81DEBDA58000410F5 /* MasterViewController.xib */; };
		8A5FFCBF1DEC45E9000410F5 /* directory.sqlite3 in Resources */ = {isa = PBXBuildFile; fileRef = 8A5FFCBE1DEC45E9000410F5 /* directory.sqlite3 */; };
		8AFC46AC1DEE89D900600D51 /* Canvas_1.png in Resources */ = {isa = PBXBuildFile; fileRef = 8AFC46911DEE89D900600D51 /* Canvas_1.png */; };
		8AFC46AD1DEE89D900600D51 /* Canvas_10.png in Resources */ = {isa = PBXBuildFile; fileRef = 8AFC46921DEE89D900600D51 /* Canvas_10.png */; };
		8AFC46AE1DEE89D900600D51 /* Canvas_11.png in Resources */ = {isa = PBXBuildFile; fileRef = 8AFC46931DEE89D900600D51 /* Canvas_11.png */; };
		8AFC46AF1DEE89D900600D51 /* Canvas_12.png in Resources */ = {isa = PBXBuildFile; fileRef = 8AFC46941DEE89D900600D51 /* Canvas_12.png */; };
		8AFC46B01DEE89D900600D51 /* Canvas_13.png in Resources */ = {isa = PBXBuildFile; fileRef = 8AFC46951DEE89D900600D51 /* Canvas_13.png */; };
		8AFC46B11DEE89D900600D51 /* Canvas_14.png in Resources */ = {isa = PBXBuildFile; fileRef = 8AFC46961DEE89D900600D51 /* Canvas_14.png */; };
		8AFC46B21DEE89D900600D51 /* Canvas_15.png in Resources */ = {isa = PBXBuildFile; fileRef = 8AFC46971DEE89D900600D51 /* Canvas_15.png */; };
		8AFC46B31DEE89D900600D51 /* Canvas_16.png in Resources */ = {isa = PBXBuildFile; fileRef = 8AFC46981DEE89D900600D51 /* Canvas_16.png */; };
		8AFC46B41DEE89D900600D51 /* Canvas_17.png in Resources */ = {isa = PBXBuildFile; fileRef = 8AFC46991DEE89D900600D51 /* Canvas_17.png */; };
		8AFC46B51DEE89D900600D51 /* Canvas_18.png in Resources */ = {isa = PBXBuildFile; fileRef = 8AFC469A1DEE89D900600D51 /* Canvas_18.png */; };
		8AFC46B61DEE89D900600D51 /* Canvas_19.png in Resources */ = {isa = PBXBuildFile; fileRef = 8AFC469B1DEE89D900600D51 /* Canvas_19.png */; };
		8AFC46B71DEE89D900600D51 /* Canvas_2.png in Resources */ = {isa = PBXBuildFile; fileRef = 8AFC469C1DEE89D900600D51 /* Canvas_2.png */; };
		8AFC46B81DEE89D900600D51 /* Canvas_20.png in Resources */ = {isa = PBXBuildFile; fileRef = 8AFC469D1DEE89D900600D51 /* Canvas_20.png */; };
		8AFC46B91DEE89D900600D51 /* Canvas_21.png in Resources */ = {isa = PBXBuildFile; fileRef = 8AFC469E1DEE89D900600D51 /* Canvas_21.png */; };
		8AFC46BA1DEE89D900600D51 /* Canvas_3.png in Resources */ = {isa = PBXBuildFile; fileRef = 8AFC469F1DEE89D900600D51 /* Canvas_3.png */; };
		8AFC46BB1DEE89D900600D51 /* Canvas_4.png in Resources */ = {isa = PBXBuildFile; fileRef = 8AFC46A01DEE89D900600D51 /* Canvas_4.png */; };
		8AFC46BC1DEE89D900600D51 /* Canvas_5.png in Resources */ = {isa = PBXBuildFile; fileRef = 8AFC46A11DEE89D900600D51 /* Canvas_5.png */; };
		8AFC46BD1DEE89D900600D51 /* Canvas_6.png in Resources */ = {isa = PBXBuildFile; fileRef = 8AFC46A21DEE89D900600D51 /* Canvas_6.png */; };
		8AFC46BE1DEE89D900600D51 /* Canvas_7.png in Resources */ = {isa = PBXBuildFile; fileRef = 8AFC46A31DEE89D900600D51 /* Canvas_7.png */; };
		8AFC46BF1DEE89D900600D51 /* Canvas_8.png in Resources */ = {isa = PBXBuildFile; fileRef = 8AFC46A41DEE89D900600D51 /* Canvas_8.png */; };
		8AFC46C01DEE89D900600D51 /* Canvas_9.png in Resources */ = {isa = PBXBuildFile; fileRef = 8AFC46A51DEE89D900600D51 /* Canvas_9.png */; };
		8AFC46C11DEE89D900600D51 /* Catlog Images.graffle in Resources */ = {isa = PBXBuildFile; fileRef = 8AFC46A61DEE89D900600D51 /* Catlog Images.graffle */; };
		8AFC46C21DEE89D900600D51 /* China.png in Resources */ = {isa = PBXBuildFile; fileRef = 8AFC46A81DEE89D900600D51 /* China.png */; };
		8AFC46C31DEE89D900600D51 /* Singapore.png in Resources */ = {isa = PBXBuildFile; fileRef = 8AFC46A91DEE89D900600D51 /* Singapore.png */; };
		8AFC46C41DEE89D900600D51 /* Taiwan.png in Resources */ = {isa = PBXBuildFile; fileRef = 8AFC46AA1DEE89D900600D51 /* Taiwan.png */; };
		8AFC46C51DEE89D900600D51 /* USA.png in Resources */ = {isa = PBXBuildFile; fileRef = 8AFC46AB1DEE89D900600D51 /* USA.png */; };
		8AFD7E1B1DEEB89500AEA0A7 /* CatalogTableViewCell.m in Sources */ = {isa = PBXBuildFile; fileRef = 8AFD7E191DEEB89500AEA0A7 /* CatalogTableViewCell.m */; };
		8AFD7E1C1DEEB89500AEA0A7 /* CatalogTableViewCell.xib in Resources */ = {isa = PBXBuildFile; fileRef = 8AFD7E1A1DEEB89500AEA0A7 /* CatalogTableViewCell.xib */; };
		8AFD7E1F1DEEB92400AEA0A7 /* CatalogProductView.m in Sources */ = {isa = PBXBuildFile; fileRef = 8AFD7E1E1DEEB92400AEA0A7 /* CatalogProductView.m */; };
/* End PBXBuildFile section */

/* Begin PBXContainerItemProxy section */
		8A5FFC891DEAA5CA000410F5 /* PBXContainerItemProxy */ = {
			isa = PBXContainerItemProxy;
			containerPortal = 8A5FFC641DEAA5CA000410F5 /* Project object */;
			proxyType = 1;
			remoteGlobalIDString = 8A5FFC6B1DEAA5CA000410F5;
			remoteInfo = Catalog;
		};
		8A5FFC941DEAA5CA000410F5 /* PBXContainerItemProxy */ = {
			isa = PBXContainerItemProxy;
			containerPortal = 8A5FFC641DEAA5CA000410F5 /* Project object */;
			proxyType = 1;
			remoteGlobalIDString = 8A5FFC6B1DEAA5CA000410F5;
			remoteInfo = Catalog;
		};
/* End PBXContainerItemProxy section */

/* Begin PBXFileReference section */
		8A5FFC6C1DEAA5CA000410F5 /* Catalog.app */ = {isa = PBXFileReference; explicitFileType = wrapper.application; includeInIndex = 0; path = Catalog.app; sourceTree = BUILT_PRODUCTS_DIR; };
		8A5FFC701DEAA5CA000410F5 /* main.m */ = {isa = PBXFileReference; lastKnownFileType = sourcecode.c.objc; path = main.m; sourceTree = "<group>"; };
		8A5FFC721DEAA5CA000410F5 /* AppDelegate.h */ = {isa = PBXFileReference; lastKnownFileType = sourcecode.c.h; path = AppDelegate.h; sourceTree = "<group>"; };
		8A5FFC731DEAA5CA000410F5 /* AppDelegate.m */ = {isa = PBXFileReference; lastKnownFileType = sourcecode.c.objc; path = AppDelegate.m; sourceTree = "<group>"; };
		8A5FFC751DEAA5CA000410F5 /* MasterViewController.h */ = {isa = PBXFileReference; lastKnownFileType = sourcecode.c.h; path = MasterViewController.h; sourceTree = "<group>"; };
		8A5FFC761DEAA5CA000410F5 /* MasterViewController.m */ = {isa = PBXFileReference; lastKnownFileType = sourcecode.c.objc; path = MasterViewController.m; sourceTree = "<group>"; };
		8A5FFC781DEAA5CA000410F5 /* DetailViewController.h */ = {isa = PBXFileReference; lastKnownFileType = sourcecode.c.h; path = DetailViewController.h; sourceTree = "<group>"; };
		8A5FFC791DEAA5CA000410F5 /* DetailViewController.m */ = {isa = PBXFileReference; lastKnownFileType = sourcecode.c.objc; path = DetailViewController.m; sourceTree = "<group>"; };
		8A5FFC7E1DEAA5CA000410F5 /* Assets.xcassets */ = {isa = PBXFileReference; lastKnownFileType = folder.assetcatalog; path = Assets.xcassets; sourceTree = "<group>"; };
		8A5FFC831DEAA5CA000410F5 /* Info.plist */ = {isa = PBXFileReference; lastKnownFileType = text.plist.xml; path = Info.plist; sourceTree = "<group>"; };
		8A5FFC881DEAA5CA000410F5 /* CatalogTests.xctest */ = {isa = PBXFileReference; explicitFileType = wrapper.cfbundle; includeInIndex = 0; path = CatalogTests.xctest; sourceTree = BUILT_PRODUCTS_DIR; };
		8A5FFC8C1DEAA5CA000410F5 /* CatalogTests.m */ = {isa = PBXFileReference; lastKnownFileType = sourcecode.c.objc; path = CatalogTests.m; sourceTree = "<group>"; };
		8A5FFC8E1DEAA5CA000410F5 /* Info.plist */ = {isa = PBXFileReference; lastKnownFileType = text.plist.xml; path = Info.plist; sourceTree = "<group>"; };
		8A5FFC931DEAA5CA000410F5 /* CatalogUITests.xctest */ = {isa = PBXFileReference; explicitFileType = wrapper.cfbundle; includeInIndex = 0; path = CatalogUITests.xctest; sourceTree = BUILT_PRODUCTS_DIR; };
		8A5FFC971DEAA5CA000410F5 /* CatalogUITests.m */ = {isa = PBXFileReference; lastKnownFileType = sourcecode.c.objc; path = CatalogUITests.m; sourceTree = "<group>"; };
		8A5FFC991DEAA5CA000410F5 /* Info.plist */ = {isa = PBXFileReference; lastKnownFileType = text.plist.xml; path = Info.plist; sourceTree = "<group>"; };
		8A5FFCA51DEAA970000410F5 /* Product.h */ = {isa = PBXFileReference; fileEncoding = 4; lastKnownFileType = sourcecode.c.h; path = Product.h; sourceTree = "<group>"; };
		8A5FFCA61DEAA970000410F5 /* Product.m */ = {isa = PBXFileReference; fileEncoding = 4; lastKnownFileType = sourcecode.c.objc; path = Product.m; sourceTree = "<group>"; };
		8A5FFCAA1DEAAFA1000410F5 /* DBAcess.h */ = {isa = PBXFileReference; fileEncoding = 4; lastKnownFileType = sourcecode.c.h; path = DBAcess.h; sourceTree = "<group>"; };
		8A5FFCAB1DEAAFA1000410F5 /* DBAcess.m */ = {isa = PBXFileReference; fileEncoding = 4; lastKnownFileType = sourcecode.c.objc; path = DBAcess.m; sourceTree = "<group>"; };
		8A5FFCAE1DEABCFB000410F5 /* libsqlite3.0.tbd */ = {isa = PBXFileReference; lastKnownFileType = "sourcecode.text-based-dylib-definition"; name = libsqlite3.0.tbd; path = usr/lib/libsqlite3.0.tbd; sourceTree = SDKROOT; };
		8A5FFCB01DEABD12000410F5 /* libsqlite3.tbd */ = {isa = PBXFileReference; lastKnownFileType = "sourcecode.text-based-dylib-definition"; name = libsqlite3.tbd; path = usr/lib/libsqlite3.tbd; sourceTree = SDKROOT; };
		8A5FFCB61DEBD874000410F5 /* DetailViewController.xib */ = {isa = PBXFileReference; fileEncoding = 4; lastKnownFileType = file.xib; path = DetailViewController.xib; sourceTree = "<group>"; };
		8A5FFCB81DEBDA58000410F5 /* MasterViewController.xib */ = {isa = PBXFileReference; fileEncoding = 4; lastKnownFileType = file.xib; path = MasterViewController.xib; sourceTree = "<group>"; };
		8A5FFCBE1DEC45E9000410F5 /* directory.sqlite3 */ = {isa = PBXFileReference; lastKnownFileType = file; path = directory.sqlite3; sourceTree = "<group>"; };
		8AFC46911DEE89D900600D51 /* Canvas_1.png */ = {isa = PBXFileReference; lastKnownFileType = image.png; path = Canvas_1.png; sourceTree = "<group>"; };
		8AFC46921DEE89D900600D51 /* Canvas_10.png */ = {isa = PBXFileReference; lastKnownFileType = image.png; path = Canvas_10.png; sourceTree = "<group>"; };
		8AFC46931DEE89D900600D51 /* Canvas_11.png */ = {isa = PBXFileReference; lastKnownFileType = image.png; path = Canvas_11.png; sourceTree = "<group>"; };
		8AFC46941DEE89D900600D51 /* Canvas_12.png */ = {isa = PBXFileReference; lastKnownFileType = image.png; path = Canvas_12.png; sourceTree = "<group>"; };
		8AFC46951DEE89D900600D51 /* Canvas_13.png */ = {isa = PBXFileReference; lastKnownFileType = image.png; path = Canvas_13.png; sourceTree = "<group>"; };
		8AFC46961DEE89D900600D51 /* Canvas_14.png */ = {isa = PBXFileReference; lastKnownFileType = image.png; path = Canvas_14.png; sourceTree = "<group>"; };
		8AFC46971DEE89D900600D51 /* Canvas_15.png */ = {isa = PBXFileReference; lastKnownFileType = image.png; path = Canvas_15.png; sourceTree = "<group>"; };
		8AFC46981DEE89D900600D51 /* Canvas_16.png */ = {isa = PBXFileReference; lastKnownFileType = image.png; path = Canvas_16.png; sourceTree = "<group>"; };
		8AFC46991DEE89D900600D51 /* Canvas_17.png */ = {isa = PBXFileReference; lastKnownFileType = image.png; path = Canvas_17.png; sourceTree = "<group>"; };
		8AFC469A1DEE89D900600D51 /* Canvas_18.png */ = {isa = PBXFileReference; lastKnownFileType = image.png; path = Canvas_18.png; sourceTree = "<group>"; };
		8AFC469B1DEE89D900600D51 /* Canvas_19.png */ = {isa = PBXFileReference; lastKnownFileType = image.png; path = Canvas_19.png; sourceTree = "<group>"; };
		8AFC469C1DEE89D900600D51 /* Canvas_2.png */ = {isa = PBXFileReference; lastKnownFileType = image.png; path = Canvas_2.png; sourceTree = "<group>"; };
		8AFC469D1DEE89D900600D51 /* Canvas_20.png */ = {isa = PBXFileReference; lastKnownFileType = image.png; path = Canvas_20.png; sourceTree = "<group>"; };
		8AFC469E1DEE89D900600D51 /* Canvas_21.png */ = {isa = PBXFileReference; lastKnownFileType = image.png; path = Canvas_21.png; sourceTree = "<group>"; };
		8AFC469F1DEE89D900600D51 /* Canvas_3.png */ = {isa = PBXFileReference; lastKnownFileType = image.png; path = Canvas_3.png; sourceTree = "<group>"; };
		8AFC46A01DEE89D900600D51 /* Canvas_4.png */ = {isa = PBXFileReference; lastKnownFileType = image.png; path = Canvas_4.png; sourceTree = "<group>"; };
		8AFC46A11DEE89D900600D51 /* Canvas_5.png */ = {isa = PBXFileReference; lastKnownFileType = image.png; path = Canvas_5.png; sourceTree = "<group>"; };
		8AFC46A21DEE89D900600D51 /* Canvas_6.png */ = {isa = PBXFileReference; lastKnownFileType = image.png; path = Canvas_6.png; sourceTree = "<group>"; };
		8AFC46A31DEE89D900600D51 /* Canvas_7.png */ = {isa = PBXFileReference; lastKnownFileType = image.png; path = Canvas_7.png; sourceTree = "<group>"; };
		8AFC46A41DEE89D900600D51 /* Canvas_8.png */ = {isa = PBXFileReference; lastKnownFileType = image.png; path = Canvas_8.png; sourceTree = "<group>"; };
		8AFC46A51DEE89D900600D51 /* Canvas_9.png */ = {isa = PBXFileReference; lastKnownFileType = image.png; path = Canvas_9.png; sourceTree = "<group>"; };
		8AFC46A61DEE89D900600D51 /* Catlog Images.graffle */ = {isa = PBXFileReference; fileEncoding = 4; lastKnownFileType = text.xml; path = "Catlog Images.graffle"; sourceTree = "<group>"; };
		8AFC46A81DEE89D900600D51 /* China.png */ = {isa = PBXFileReference; lastKnownFileType = image.png; path = China.png; sourceTree = "<group>"; };
		8AFC46A91DEE89D900600D51 /* Singapore.png */ = {isa = PBXFileReference; lastKnownFileType = image.png; path = Singapore.png; sourceTree = "<group>"; };
		8AFC46AA1DEE89D900600D51 /* Taiwan.png */ = {isa = PBXFileReference; lastKnownFileType = image.png; path = Taiwan.png; sourceTree = "<group>"; };
		8AFC46AB1DEE89D900600D51 /* USA.png */ = {isa = PBXFileReference; lastKnownFileType = image.png; path = USA.png; sourceTree = "<group>"; };
		8AFD7E181DEEB89500AEA0A7 /* CatalogTableViewCell.h */ = {isa = PBXFileReference; fileEncoding = 4; lastKnownFileType = sourcecode.c.h; path = CatalogTableViewCell.h; sourceTree = "<group>"; };
		8AFD7E191DEEB89500AEA0A7 /* CatalogTableViewCell.m */ = {isa = PBXFileReference; fileEncoding = 4; lastKnownFileType = sourcecode.c.objc; path = CatalogTableViewCell.m; sourceTree = "<group>"; };
		8AFD7E1A1DEEB89500AEA0A7 /* CatalogTableViewCell.xib */ = {isa = PBXFileReference; fileEncoding = 4; lastKnownFileType = file.xib; path = CatalogTableViewCell.xib; sourceTree = "<group>"; };
		8AFD7E1D1DEEB92400AEA0A7 /* CatalogProductView.h */ = {isa = PBXFileReference; fileEncoding = 4; lastKnownFileType = sourcecode.c.h; path = CatalogProductView.h; sourceTree = "<group>"; };
		8AFD7E1E1DEEB92400AEA0A7 /* CatalogProductView.m */ = {isa = PBXFileReference; fileEncoding = 4; lastKnownFileType = sourcecode.c.objc; path = CatalogProductView.m; sourceTree = "<group>"; };
/* End PBXFileReference section */

/* Begin PBXFrameworksBuildPhase section */
		8A5FFC691DEAA5CA000410F5 /* Frameworks */ = {
			isa = PBXFrameworksBuildPhase;
			buildActionMask = 2147483647;
			files = (
				8A5FFCB11DEABD12000410F5 /* libsqlite3.tbd in Frameworks */,
				8A5FFCAF1DEABCFB000410F5 /* libsqlite3.0.tbd in Frameworks */,
			);
			runOnlyForDeploymentPostprocessing = 0;
		};
		8A5FFC851DEAA5CA000410F5 /* Frameworks */ = {
			isa = PBXFrameworksBuildPhase;
			buildActionMask = 2147483647;
			files = (
			);
			runOnlyForDeploymentPostprocessing = 0;
		};
		8A5FFC901DEAA5CA000410F5 /* Frameworks */ = {
			isa = PBXFrameworksBuildPhase;
			buildActionMask = 2147483647;
			files = (
			);
			runOnlyForDeploymentPostprocessing = 0;
		};
/* End PBXFrameworksBuildPhase section */

/* Begin PBXGroup section */
		8A5FFC631DEAA5CA000410F5 = {
			isa = PBXGroup;
			children = (
				8A5FFCB81DEBDA58000410F5 /* MasterViewController.xib */,
				8A5FFCB61DEBD874000410F5 /* DetailViewController.xib */,
				8A5FFC6E1DEAA5CA000410F5 /* Catalog */,
				8A5FFC8B1DEAA5CA000410F5 /* CatalogTests */,
				8A5FFC961DEAA5CA000410F5 /* CatalogUITests */,
				8A5FFC6D1DEAA5CA000410F5 /* Products */,
				8A5FFCAD1DEABCFB000410F5 /* Frameworks */,
			);
			sourceTree = "<group>";
		};
		8A5FFC6D1DEAA5CA000410F5 /* Products */ = {
			isa = PBXGroup;
			children = (
				8A5FFC6C1DEAA5CA000410F5 /* Catalog.app */,
				8A5FFC881DEAA5CA000410F5 /* CatalogTests.xctest */,
				8A5FFC931DEAA5CA000410F5 /* CatalogUITests.xctest */,
			);
			name = Products;
			sourceTree = "<group>";
		};
		8A5FFC6E1DEAA5CA000410F5 /* Catalog */ = {
			isa = PBXGroup;
			children = (
				8A5FFC721DEAA5CA000410F5 /* AppDelegate.h */,
				8A5FFC731DEAA5CA000410F5 /* AppDelegate.m */,
				8A5FFCA51DEAA970000410F5 /* Product.h */,
				8A5FFCA61DEAA970000410F5 /* Product.m */,
				8A5FFCAA1DEAAFA1000410F5 /* DBAcess.h */,
				8A5FFCAB1DEAAFA1000410F5 /* DBAcess.m */,
				8A5FFC751DEAA5CA000410F5 /* MasterViewController.h */,
				8A5FFC761DEAA5CA000410F5 /* MasterViewController.m */,
				8AFD7E181DEEB89500AEA0A7 /* CatalogTableViewCell.h */,
				8AFD7E191DEEB89500AEA0A7 /* CatalogTableViewCell.m */,
				8AFD7E1D1DEEB92400AEA0A7 /* CatalogProductView.h */,
				8AFD7E1E1DEEB92400AEA0A7 /* CatalogProductView.m */,
				8AFD7E1A1DEEB89500AEA0A7 /* CatalogTableViewCell.xib */,
				8A5FFC781DEAA5CA000410F5 /* DetailViewController.h */,
				8A5FFC791DEAA5CA000410F5 /* DetailViewController.m */,
				8A5FFC7E1DEAA5CA000410F5 /* Assets.xcassets */,
				8A5FFC831DEAA5CA000410F5 /* Info.plist */,
				8A5FFC6F1DEAA5CA000410F5 /* Supporting Files */,
			);
			path = Catalog;
			sourceTree = "<group>";
		};
		8A5FFC6F1DEAA5CA000410F5 /* Supporting Files */ = {
			isa = PBXGroup;
			children = (
				8AFC46901DEE89D900600D51 /* Catalog Images */,
				8AFC46A71DEE89D900600D51 /* Flag Images */,
				8A5FFCBE1DEC45E9000410F5 /* directory.sqlite3 */,
				8A5FFC701DEAA5CA000410F5 /* main.m */,
			);
			name = "Supporting Files";
			sourceTree = "<group>";
		};
		8A5FFC8B1DEAA5CA000410F5 /* CatalogTests */ = {
			isa = PBXGroup;
			children = (
				8A5FFC8C1DEAA5CA000410F5 /* CatalogTests.m */,
				8A5FFC8E1DEAA5CA000410F5 /* Info.plist */,
			);
			path = CatalogTests;
			sourceTree = "<group>";
		};
		8A5FFC961DEAA5CA000410F5 /* CatalogUITests */ = {
			isa = PBXGroup;
			children = (
				8A5FFC971DEAA5CA000410F5 /* CatalogUITests.m */,
				8A5FFC991DEAA5CA000410F5 /* Info.plist */,
			);
			path = CatalogUITests;
			sourceTree = "<group>";
		};
		8A5FFCAD1DEABCFB000410F5 /* Frameworks */ = {
			isa = PBXGroup;
			children = (
				8A5FFCB01DEABD12000410F5 /* libsqlite3.tbd */,
				8A5FFCAE1DEABCFB000410F5 /* libsqlite3.0.tbd */,
			);
			name = Frameworks;
			sourceTree = "<group>";
		};
		8AFC46901DEE89D900600D51 /* Catalog Images */ = {
			isa = PBXGroup;
			children = (
				8AFC46911DEE89D900600D51 /* Canvas_1.png */,
				8AFC46921DEE89D900600D51 /* Canvas_10.png */,
				8AFC46931DEE89D900600D51 /* Canvas_11.png */,
				8AFC46941DEE89D900600D51 /* Canvas_12.png */,
				8AFC46951DEE89D900600D51 /* Canvas_13.png */,
				8AFC46961DEE89D900600D51 /* Canvas_14.png */,
				8AFC46971DEE89D900600D51 /* Canvas_15.png */,
				8AFC46981DEE89D900600D51 /* Canvas_16.png */,
				8AFC46991DEE89D900600D51 /* Canvas_17.png */,
				8AFC469A1DEE89D900600D51 /* Canvas_18.png */,
				8AFC469B1DEE89D900600D51 /* Canvas_19.png */,
				8AFC469C1DEE89D900600D51 /* Canvas_2.png */,
				8AFC469D1DEE89D900600D51 /* Canvas_20.png */,
				8AFC469E1DEE89D900600D51 /* Canvas_21.png */,
				8AFC469F1DEE89D900600D51 /* Canvas_3.png */,
				8AFC46A01DEE89D900600D51 /* Canvas_4.png */,
				8AFC46A11DEE89D900600D51 /* Canvas_5.png */,
				8AFC46A21DEE89D900600D51 /* Canvas_6.png */,
				8AFC46A31DEE89D900600D51 /* Canvas_7.png */,
				8AFC46A41DEE89D900600D51 /* Canvas_8.png */,
				8AFC46A51DEE89D900600D51 /* Canvas_9.png */,
				8AFC46A61DEE89D900600D51 /* Catlog Images.graffle */,
			);
			path = "Catalog Images";
			sourceTree = "<group>";
		};
		8AFC46A71DEE89D900600D51 /* Flag Images */ = {
			isa = PBXGroup;
			children = (
				8AFC46A81DEE89D900600D51 /* China.png */,
				8AFC46A91DEE89D900600D51 /* Singapore.png */,
				8AFC46AA1DEE89D900600D51 /* Taiwan.png */,
				8AFC46AB1DEE89D900600D51 /* USA.png */,
			);
			path = "Flag Images";
			sourceTree = "<group>";
		};
/* End PBXGroup section */

/* Begin PBXNativeTarget section */
		8A5FFC6B1DEAA5CA000410F5 /* Catalog */ = {
			isa = PBXNativeTarget;
			buildConfigurationList = 8A5FFC9C1DEAA5CA000410F5 /* Build configuration list for PBXNativeTarget "Catalog" */;
			buildPhases = (
				8A5FFC681DEAA5CA000410F5 /* Sources */,
				8A5FFC691DEAA5CA000410F5 /* Frameworks */,
				8A5FFC6A1DEAA5CA000410F5 /* Resources */,
			);
			buildRules = (
			);
			dependencies = (
			);
			name = Catalog;
			productName = Catalog;
			productReference = 8A5FFC6C1DEAA5CA000410F5 /* Catalog.app */;
			productType = "com.apple.product-type.application";
		};
		8A5FFC871DEAA5CA000410F5 /* CatalogTests */ = {
			isa = PBXNativeTarget;
			buildConfigurationList = 8A5FFC9F1DEAA5CA000410F5 /* Build configuration list for PBXNativeTarget "CatalogTests" */;
			buildPhases = (
				8A5FFC841DEAA5CA000410F5 /* Sources */,
				8A5FFC851DEAA5CA000410F5 /* Frameworks */,
				8A5FFC861DEAA5CA000410F5 /* Resources */,
			);
			buildRules = (
			);
			dependencies = (
				8A5FFC8A1DEAA5CA000410F5 /* PBXTargetDependency */,
			);
			name = CatalogTests;
			productName = CatalogTests;
			productReference = 8A5FFC881DEAA5CA000410F5 /* CatalogTests.xctest */;
			productType = "com.apple.product-type.bundle.unit-test";
		};
		8A5FFC921DEAA5CA000410F5 /* CatalogUITests */ = {
			isa = PBXNativeTarget;
			buildConfigurationList = 8A5FFCA21DEAA5CA000410F5 /* Build configuration list for PBXNativeTarget "CatalogUITests" */;
			buildPhases = (
				8A5FFC8F1DEAA5CA000410F5 /* Sources */,
				8A5FFC901DEAA5CA000410F5 /* Frameworks */,
				8A5FFC911DEAA5CA000410F5 /* Resources */,
			);
			buildRules = (
			);
			dependencies = (
				8A5FFC951DEAA5CA000410F5 /* PBXTargetDependency */,
			);
			name = CatalogUITests;
			productName = CatalogUITests;
			productReference = 8A5FFC931DEAA5CA000410F5 /* CatalogUITests.xctest */;
			productType = "com.apple.product-type.bundle.ui-testing";
		};
/* End PBXNativeTarget section */

/* Begin PBXProject section */
		8A5FFC641DEAA5CA000410F5 /* Project object */ = {
			isa = PBXProject;
			attributes = {
				LastUpgradeCheck = 0810;
				ORGANIZATIONNAME = "申倩倩";
				TargetAttributes = {
					8A5FFC6B1DEAA5CA000410F5 = {
						CreatedOnToolsVersion = 8.1;
						ProvisioningStyle = Automatic;
					};
					8A5FFC871DEAA5CA000410F5 = {
						CreatedOnToolsVersion = 8.1;
						ProvisioningStyle = Automatic;
						TestTargetID = 8A5FFC6B1DEAA5CA000410F5;
					};
					8A5FFC921DEAA5CA000410F5 = {
						CreatedOnToolsVersion = 8.1;
						ProvisioningStyle = Automatic;
						TestTargetID = 8A5FFC6B1DEAA5CA000410F5;
					};
				};
			};
			buildConfigurationList = 8A5FFC671DEAA5CA000410F5 /* Build configuration list for PBXProject "Catalog" */;
			compatibilityVersion = "Xcode 3.2";
			developmentRegion = English;
			hasScannedForEncodings = 0;
			knownRegions = (
				en,
				Base,
			);
			mainGroup = 8A5FFC631DEAA5CA000410F5;
			productRefGroup = 8A5FFC6D1DEAA5CA000410F5 /* Products */;
			projectDirPath = "";
			projectRoot = "";
			targets = (
				8A5FFC6B1DEAA5CA000410F5 /* Catalog */,
				8A5FFC871DEAA5CA000410F5 /* CatalogTests */,
				8A5FFC921DEAA5CA000410F5 /* CatalogUITests */,
			);
		};
/* End PBXProject section */

/* Begin PBXResourcesBuildPhase section */
		8A5FFC6A1DEAA5CA000410F5 /* Resources */ = {
			isa = PBXResourcesBuildPhase;
			buildActionMask = 2147483647;
			files = (
				8AFC46BC1DEE89D900600D51 /* Canvas_5.png in Resources */,
				8AFD7E1C1DEEB89500AEA0A7 /* CatalogTableViewCell.xib in Resources */,
				8AFC46AD1DEE89D900600D51 /* Canvas_10.png in Resources */,
				8A5FFCB91DEBDA58000410F5 /* MasterViewController.xib in Resources */,
				8AFC46BB1DEE89D900600D51 /* Canvas_4.png in Resources */,
				8AFC46C31DEE89D900600D51 /* Singapore.png in Resources */,
				8AFC46B11DEE89D900600D51 /* Canvas_14.png in Resources */,
				8A5FFCBF1DEC45E9000410F5 /* directory.sqlite3 in Resources */,
				8AFC46B51DEE89D900600D51 /* Canvas_18.png in Resources */,
				8AFC46B01DEE89D900600D51 /* Canvas_13.png in Resources */,
				8AFC46B91DEE89D900600D51 /* Canvas_21.png in Resources */,
				8AFC46B81DEE89D900600D51 /* Canvas_20.png in Resources */,
				8AFC46AC1DEE89D900600D51 /* Canvas_1.png in Resources */,
				8AFC46B31DEE89D900600D51 /* Canvas_16.png in Resources */,
				8AFC46BA1DEE89D900600D51 /* Canvas_3.png in Resources */,
				8AFC46C41DEE89D900600D51 /* Taiwan.png in Resources */,
				8AFC46C51DEE89D900600D51 /* USA.png in Resources */,
				8AFC46AE1DEE89D900600D51 /* Canvas_11.png in Resources */,
				8AFC46C11DEE89D900600D51 /* Catlog Images.graffle in Resources */,
				8AFC46BE1DEE89D900600D51 /* Canvas_7.png in Resources */,
				8AFC46C21DEE89D900600D51 /* China.png in Resources */,
				8A5FFC7F1DEAA5CA000410F5 /* Assets.xcassets in Resources */,
				8AFC46AF1DEE89D900600D51 /* Canvas_12.png in Resources */,
				8A5FFCB71DEBD874000410F5 /* DetailViewController.xib in Resources */,
				8AFC46BF1DEE89D900600D51 /* Canvas_8.png in Resources */,
				8AFC46B71DEE89D900600D51 /* Canvas_2.png in Resources */,
				8AFC46BD1DEE89D900600D51 /* Canvas_6.png in Resources */,
				8AFC46B61DEE89D900600D51 /* Canvas_19.png in Resources */,
				8AFC46C01DEE89D900600D51 /* Canvas_9.png in Resources */,
				8AFC46B21DEE89D900600D51 /* Canvas_15.png in Resources */,
				8AFC46B41DEE89D900600D51 /* Canvas_17.png in Resources */,
			);
			runOnlyForDeploymentPostprocessing = 0;
		};
		8A5FFC861DEAA5CA000410F5 /* Resources */ = {
			isa = PBXResourcesBuildPhase;
			buildActionMask = 2147483647;
			files = (
			);
			runOnlyForDeploymentPostprocessing = 0;
		};
		8A5FFC911DEAA5CA000410F5 /* Resources */ = {
			isa = PBXResourcesBuildPhase;
			buildActionMask = 2147483647;
			files = (
			);
			runOnlyForDeploymentPostprocessing = 0;
		};
/* End PBXResourcesBuildPhase section */

/* Begin PBXSourcesBuildPhase section */
		8A5FFC681DEAA5CA000410F5 /* Sources */ = {
			isa = PBXSourcesBuildPhase;
			buildActionMask = 2147483647;
			files = (
				8A5FFC741DEAA5CA000410F5 /* AppDelegate.m in Sources */,
				8A5FFCA71DEAA970000410F5 /* Product.m in Sources */,
				8A5FFC771DEAA5CA000410F5 /* MasterViewController.m in Sources */,
				8A5FFCAC1DEAAFA1000410F5 /* DBAcess.m in Sources */,
				8AFD7E1B1DEEB89500AEA0A7 /* CatalogTableViewCell.m in Sources */,
				8A5FFC711DEAA5CA000410F5 /* main.m in Sources */,
				8AFD7E1F1DEEB92400AEA0A7 /* CatalogProductView.m in Sources */,
				8A5FFC7A1DEAA5CA000410F5 /* DetailViewController.m in Sources */,
			);
			runOnlyForDeploymentPostprocessing = 0;
		};
		8A5FFC841DEAA5CA000410F5 /* Sources */ = {
			isa = PBXSourcesBuildPhase;
			buildActionMask = 2147483647;
			files = (
				8A5FFC8D1DEAA5CA000410F5 /* CatalogTests.m in Sources */,
			);
			runOnlyForDeploymentPostprocessing = 0;
		};
		8A5FFC8F1DEAA5CA000410F5 /* Sources */ = {
			isa = PBXSourcesBuildPhase;
			buildActionMask = 2147483647;
			files = (
				8A5FFC981DEAA5CA000410F5 /* CatalogUITests.m in Sources */,
			);
			runOnlyForDeploymentPostprocessing = 0;
		};
/* End PBXSourcesBuildPhase section */

/* Begin PBXTargetDependency section */
		8A5FFC8A1DEAA5CA000410F5 /* PBXTargetDependency */ = {
			isa = PBXTargetDependency;
			target = 8A5FFC6B1DEAA5CA000410F5 /* Catalog */;
			targetProxy = 8A5FFC891DEAA5CA000410F5 /* PBXContainerItemProxy */;
		};
		8A5FFC951DEAA5CA000410F5 /* PBXTargetDependency */ = {
			isa = PBXTargetDependency;
			target = 8A5FFC6B1DEAA5CA000410F5 /* Catalog */;
			targetProxy = 8A5FFC941DEAA5CA000410F5 /* PBXContainerItemProxy */;
		};
/* End PBXTargetDependency section */

/* Begin XCBuildConfiguration section */
		8A5FFC9A1DEAA5CA000410F5 /* Debug */ = {
			isa = XCBuildConfiguration;
			buildSettings = {
				ALWAYS_SEARCH_USER_PATHS = NO;
				CLANG_ANALYZER_NONNULL = YES;
				CLANG_CXX_LANGUAGE_STANDARD = "gnu++0x";
				CLANG_CXX_LIBRARY = "libc++";
				CLANG_ENABLE_MODULES = YES;
				CLANG_ENABLE_OBJC_ARC = YES;
				CLANG_WARN_BOOL_CONVERSION = YES;
				CLANG_WARN_CONSTANT_CONVERSION = YES;
				CLANG_WARN_DIRECT_OBJC_ISA_USAGE = YES_ERROR;
				CLANG_WARN_DOCUMENTATION_COMMENTS = YES;
				CLANG_WARN_EMPTY_BODY = YES;
				CLANG_WARN_ENUM_CONVERSION = YES;
				CLANG_WARN_INFINITE_RECURSION = YES;
				CLANG_WARN_INT_CONVERSION = YES;
				CLANG_WARN_OBJC_ROOT_CLASS = YES_ERROR;
				CLANG_WARN_SUSPICIOUS_MOVES = YES;
				CLANG_WARN_UNREACHABLE_CODE = YES;
				CLANG_WARN__DUPLICATE_METHOD_MATCH = YES;
				"CODE_SIGN_IDENTITY[sdk=iphoneos*]" = "iPhone Developer";
				COPY_PHASE_STRIP = NO;
				DEBUG_INFORMATION_FORMAT = dwarf;
				ENABLE_STRICT_OBJC_MSGSEND = YES;
				ENABLE_TESTABILITY = YES;
				GCC_C_LANGUAGE_STANDARD = gnu99;
				GCC_DYNAMIC_NO_PIC = NO;
				GCC_NO_COMMON_BLOCKS = YES;
				GCC_OPTIMIZATION_LEVEL = 0;
				GCC_PREPROCESSOR_DEFINITIONS = (
					"DEBUG=1",
					"$(inherited)",
				);
				GCC_WARN_64_TO_32_BIT_CONVERSION = YES;
				GCC_WARN_ABOUT_RETURN_TYPE = YES_ERROR;
				GCC_WARN_UNDECLARED_SELECTOR = YES;
				GCC_WARN_UNINITIALIZED_AUTOS = YES_AGGRESSIVE;
				GCC_WARN_UNUSED_FUNCTION = YES;
				GCC_WARN_UNUSED_VARIABLE = YES;
				IPHONEOS_DEPLOYMENT_TARGET = 10.1;
				MTL_ENABLE_DEBUG_INFO = YES;
				ONLY_ACTIVE_ARCH = YES;
				SDKROOT = iphoneos;
			};
			name = Debug;
		};
		8A5FFC9B1DEAA5CA000410F5 /* Release */ = {
			isa = XCBuildConfiguration;
			buildSettings = {
				ALWAYS_SEARCH_USER_PATHS = NO;
				CLANG_ANALYZER_NONNULL = YES;
				CLANG_CXX_LANGUAGE_STANDARD = "gnu++0x";
				CLANG_CXX_LIBRARY = "libc++";
				CLANG_ENABLE_MODULES = YES;
				CLANG_ENABLE_OBJC_ARC = YES;
				CLANG_WARN_BOOL_CONVERSION = YES;
				CLANG_WARN_CONSTANT_CONVERSION = YES;
				CLANG_WARN_DIRECT_OBJC_ISA_USAGE = YES_ERROR;
				CLANG_WARN_DOCUMENTATION_COMMENTS = YES;
				CLANG_WARN_EMPTY_BODY = YES;
				CLANG_WARN_ENUM_CONVERSION = YES;
				CLANG_WARN_INFINITE_RECURSION = YES;
				CLANG_WARN_INT_CONVERSION = YES;
				CLANG_WARN_OBJC_ROOT_CLASS = YES_ERROR;
				CLANG_WARN_SUSPICIOUS_MOVES = YES;
				CLANG_WARN_UNREACHABLE_CODE = YES;
				CLANG_WARN__DUPLICATE_METHOD_MATCH = YES;
				"CODE_SIGN_IDENTITY[sdk=iphoneos*]" = "iPhone Developer";
				COPY_PHASE_STRIP = NO;
				DEBUG_INFORMATION_FORMAT = "dwarf-with-dsym";
				ENABLE_NS_ASSERTIONS = NO;
				ENABLE_STRICT_OBJC_MSGSEND = YES;
				GCC_C_LANGUAGE_STANDARD = gnu99;
				GCC_NO_COMMON_BLOCKS = YES;
				GCC_WARN_64_TO_32_BIT_CONVERSION = YES;
				GCC_WARN_ABOUT_RETURN_TYPE = YES_ERROR;
				GCC_WARN_UNDECLARED_SELECTOR = YES;
				GCC_WARN_UNINITIALIZED_AUTOS = YES_AGGRESSIVE;
				GCC_WARN_UNUSED_FUNCTION = YES;
				GCC_WARN_UNUSED_VARIABLE = YES;
				IPHONEOS_DEPLOYMENT_TARGET = 10.1;
				MTL_ENABLE_DEBUG_INFO = NO;
				SDKROOT = iphoneos;
				VALIDATE_PRODUCT = YES;
			};
			name = Release;
		};
		8A5FFC9D1DEAA5CA000410F5 /* Debug */ = {
			isa = XCBuildConfiguration;
			buildSettings = {
				ASSETCATALOG_COMPILER_APPICON_NAME = AppIcon;
				INFOPLIST_FILE = Catalog/Info.plist;
				LD_RUNPATH_SEARCH_PATHS = "$(inherited) @executable_path/Frameworks";
				PRODUCT_BUNDLE_IDENTIFIER = com.sqq.Catalog;
				PRODUCT_NAME = "$(TARGET_NAME)";
			};
			name = Debug;
		};
		8A5FFC9E1DEAA5CA000410F5 /* Release */ = {
			isa = XCBuildConfiguration;
			buildSettings = {
				ASSETCATALOG_COMPILER_APPICON_NAME = AppIcon;
				INFOPLIST_FILE = Catalog/Info.plist;
				LD_RUNPATH_SEARCH_PATHS = "$(inherited) @executable_path/Frameworks";
				PRODUCT_BUNDLE_IDENTIFIER = com.sqq.Catalog;
				PRODUCT_NAME = "$(TARGET_NAME)";
			};
			name = Release;
		};
		8A5FFCA01DEAA5CA000410F5 /* Debug */ = {
			isa = XCBuildConfiguration;
			buildSettings = {
				BUNDLE_LOADER = "$(TEST_HOST)";
				INFOPLIST_FILE = CatalogTests/Info.plist;
				LD_RUNPATH_SEARCH_PATHS = "$(inherited) @executable_path/Frameworks @loader_path/Frameworks";
				PRODUCT_BUNDLE_IDENTIFIER = com.sqq.CatalogTests;
				PRODUCT_NAME = "$(TARGET_NAME)";
				TEST_HOST = "$(BUILT_PRODUCTS_DIR)/Catalog.app/Catalog";
			};
			name = Debug;
		};
		8A5FFCA11DEAA5CA000410F5 /* Release */ = {
			isa = XCBuildConfiguration;
			buildSettings = {
				BUNDLE_LOADER = "$(TEST_HOST)";
				INFOPLIST_FILE = CatalogTests/Info.plist;
				LD_RUNPATH_SEARCH_PATHS = "$(inherited) @executable_path/Frameworks @loader_path/Frameworks";
				PRODUCT_BUNDLE_IDENTIFIER = com.sqq.CatalogTests;
				PRODUCT_NAME = "$(TARGET_NAME)";
				TEST_HOST = "$(BUILT_PRODUCTS_DIR)/Catalog.app/Catalog";
			};
			name = Release;
		};
		8A5FFCA31DEAA5CA000410F5 /* Debug */ = {
			isa = XCBuildConfiguration;
			buildSettings = {
				INFOPLIST_FILE = CatalogUITests/Info.plist;
				LD_RUNPATH_SEARCH_PATHS = "$(inherited) @executable_path/Frameworks @loader_path/Frameworks";
				PRODUCT_BUNDLE_IDENTIFIER = com.sqq.CatalogUITests;
				PRODUCT_NAME = "$(TARGET_NAME)";
				TEST_TARGET_NAME = Catalog;
			};
			name = Debug;
		};
		8A5FFCA41DEAA5CA000410F5 /* Release */ = {
			isa = XCBuildConfiguration;
			buildSettings = {
				INFOPLIST_FILE = CatalogUITests/Info.plist;
				LD_RUNPATH_SEARCH_PATHS = "$(inherited) @executable_path/Frameworks @loader_path/Frameworks";
				PRODUCT_BUNDLE_IDENTIFIER = com.sqq.CatalogUITests;
				PRODUCT_NAME = "$(TARGET_NAME)";
				TEST_TARGET_NAME = Catalog;
			};
			name = Release;
		};
/* End XCBuildConfiguration section */

/* Begin XCConfigurationList section */
		8A5FFC671DEAA5CA000410F5 /* Build configuration list for PBXProject "Catalog" */ = {
			isa = XCConfigurationList;
			buildConfigurations = (
				8A5FFC9A1DEAA5CA000410F5 /* Debug */,
				8A5FFC9B1DEAA5CA000410F5 /* Release */,
			);
			defaultConfigurationIsVisible = 0;
			defaultConfigurationName = Release;
		};
		8A5FFC9C1DEAA5CA000410F5 /* Build configuration list for PBXNativeTarget "Catalog" */ = {
			isa = XCConfigurationList;
			buildConfigurations = (
				8A5FFC9D1DEAA5CA000410F5 /* Debug */,
				8A5FFC9E1DEAA5CA000410F5 /* Release */,
			);
			defaultConfigurationIsVisible = 0;
			defaultConfigurationName = Release;
		};
		8A5FFC9F1DEAA5CA000410F5 /* Build configuration list for PBXNativeTarget "CatalogTests" */ = {
			isa = XCConfigurationList;
			buildConfigurations = (
				8A5FFCA01DEAA5CA000410F5 /* Debug */,
				8A5FFCA11DEAA5CA000410F5 /* Release */,
			);
			defaultConfigurationIsVisible = 0;
			defaultConfigurationName = Release;
		};
		8A5FFCA21DEAA5CA000410F5 /* Build configuration list for PBXNativeTarget "CatalogUITests" */ = {
			isa = XCConfigurationList;
			buildConfigurations = (
				8A5FFCA31DEAA5CA000410F5 /* Debug */,
				8A5FFCA41DEAA5CA000410F5 /* Release */,
			);
			defaultConfigurationIsVisible = 0;
			defaultConfigurationName = Release;
		};
/* End XCConfigurationList section */
	};
	rootObject = 8A5FFC641DEAA5CA000410F5 /* Project object */;
}
